
Microsoft Visual Studio Solution File, Format Version 12.00
# Visual Studio Version 17
VisualStudioVersion = 17.0.32112.339
MinimumVisualStudioVersion = 10.0.40219.1
Project("{8BC9CEB8-8B4A-11D0-8D11-00A0C91BC942}") = "RC4 By C", "RC4 By C.vcxproj", "{4DC8D8F6-5699-4DA3-9EE8-D73DC0C71AC6}"
EndProject
Project("{8BC9CEB8-8B4A-11D0-8D11-00A0C91BC942}") = "Demo", "..\Demo\Demo.vcxproj", "{714A1BA0-E620-4715-98F9-F58C3913BFEB}"
EndProject
Global
	GlobalSection(SolutionConfigurationPlatforms) = preSolution
		Debug|x64 = Debug|x64
		Debug|x86 = Debug|x86
		Release|x64 = Release|x64
		Release|x86 = Release|x86
	EndGlobalSection
	GlobalSection(ProjectConfigurationPlatforms) = postSolution
		{4DC8D8F6-5699-4DA3-9EE8-D73DC0C71AC6}.Debug|x64.ActiveCfg = Debug|x64
		{4DC8D8F6-5699-4DA3-9EE8-D73DC0C71AC6}.Debug|x64.Build.0 = Debug|x64
		{4DC8D8F6-5699-4DA3-9EE8-D73DC0C71AC6}.Debug|x86.ActiveCfg = Debug|Win32
		{4DC8D8F6-5699-4DA3-9EE8-D73DC0C71AC6}.Debug|x86.Build.0 = Debug|Win32
		{4DC8D8F6-5699-4DA3-9EE8-D73DC0C71AC6}.Release|x64.ActiveCfg = Release|x64
		{4DC8D8F6-5699-4DA3-9EE8-D73DC0C71AC6}.Release|x64.Build.0 = Release|x64
		{4DC8D8F6-5699-4DA3-9EE8-D73DC0C71AC6}.Release|x86.ActiveCfg = Release|Win32
		{4DC8D8F6-5699-4DA3-9EE8-D73DC0C71AC6}.Release|x86.Build.0 = Release|Win32
		{714A1BA0-E620-4715-98F9-F58C3913BFEB}.Debug|x64.ActiveCfg = Debug|x64
		{714A1BA0-E620-4715-98F9-F58C3913BFEB}.Debug|x64.Build.0 = Debug|x64
		{714A1BA0-E620-4715-98F9-F58C3913BFEB}.Debug|x86.ActiveCfg = Debug|Win32
		{714A1BA0-E620-4715-98F9-F58C3913BFEB}.Debug|x86.Build.0 = Debug|Win32
		{714A1BA0-E620-4715-98F9-F58C3913BFEB}.Release|x64.ActiveCfg = Release|x64
		{714A1BA0-E620-4715-98F9-F58C3913BFEB}.Release|x64.Build.0 = Release|x64
		{714A1BA0-E620-4715-98F9-F58C3913BFEB}.Release|x86.ActiveCfg = Release|Win32
		{714A1BA0-E620-4715-98F9-F58C3913BFEB}.Release|x86.Build.0 = Release|Win32
	EndGlobalSection
	GlobalSection(SolutionProperties) = preSolution
		HideSolutionNode = FALSE
	EndGlobalSection
	GlobalSection(ExtensibilityGlobals) = postSolution
		SolutionGuid = {BB07A77E-D52E-40F1-A787-41AB15CE999E}
	EndGlobalSection
EndGlobal
